{
  "version": "5",
  "specifiers": {
    "jsr:@std/assert@^1.0.19": "1.0.19",
    "jsr:@std/internal@^1.0.12": "1.0.14",
    "npm:@atproto/crypto@0.5.0": "0.5.0",
    "npm:@atproto/identity@0.5.0": "0.5.0",
    "npm:hono@4.12.25": "4.12.25",
    "npm:jose@5.10.0": "5.10.0"
  },
  "jsr": {
    "@std/assert@1.0.19": {
      "integrity": "eaada96ee120cb980bc47e040f82814d786fe8162ecc53c91d8df60b8755991e",
      "dependencies": [
        "jsr:@std/internal"
      ]
    },
    "@std/internal@1.0.14": {
      "integrity": "291516b3d4c35024d6ffbc0a9df5bf4c64116e05b50012cf846710152d2ffdf7"
    }
  },
  "npm": {
    "@atproto/common-web@0.5.12": {
      "integrity": "sha512-FumNnUOUsk68gP+jU0sXY2wY2piqFV9/qU2YaoQq/IZknhJBlLYCzjQXXCN0FCzxAZWD0YUzgydeyuRvFoAxfA==",
      "dependencies": [
        "@atproto/lex-data",
        "@atproto/lex-json",
        "@atproto/syntax",
        "zod"
      ]
    },
    "@atproto/crypto@0.5.0": {
      "integrity": "sha512-HBfq6z+tzkiBzPhHOvRFkQU3inTQIUJAkb1UEyGx+pdPTnFFtnfIoo9Kr1ZV/FzMIgnHOA8H2UJC3dxxFl1eVg==",
      "dependencies": [
        "@noble/curves",
        "@noble/hashes",
        "uint8arrays"
      ]
    },
    "@atproto/identity@0.5.0": {
      "integrity": "sha512-9KjpOVhwIMh1CDC3ErcxOof9mfYz+dZrUFRdp1jcaY8xZo4CkQgGBDKG2/6dP1FP4iqfG6r52JGhnTdcCzwBwQ==",
      "dependencies": [
        "@atproto/common-web",
        "@atproto/crypto"
      ]
    },
    "@atproto/lex-data@0.1.7": {
      "integrity": "sha512-kW/dPLqo/WgCLV+XESR4JKwV6c1rZWJGOfuPupZGTjEDAKoBbKXdaEzX9/1vKQYbZ9U3j0DS/n7OFFK7wBugyQ==",
      "dependencies": [
        "multiformats",
        "tslib",
        "unicode-segmenter"
      ]
    },
    "@atproto/lex-json@0.1.6": {
      "integrity": "sha512-mvrAd0lbyuecIHjyld8QN6MN6CBf4j0GCxLzegsvLh0SvDf+GbYWklkcQqmITL44yFQOwmA/QNIQj0Uvh7+R/g==",
      "dependencies": [
        "@atproto/lex-data",
        "tslib"
      ]
    },
    "@atproto/syntax@0.7.6": {
      "integrity": "sha512-luKQTcWw1H1jLmYvX34ldBqNjz2orF082njmcF9fxbWTqVhsO+TpY0FHRKVPoV7dwL0Y3L16DNz1ma0LFGH25g==",
      "dependencies": [
        "iso-datestring-validator",
        "tslib"
      ]
    },
    "@noble/curves@1.9.7": {
      "integrity": "sha512-gbKGcRUYIjA3/zCCNaWDciTMFI0dCkvou3TL8Zmy5Nc7sJ47a0jtOeZoTaMxkuqRo9cRhjOdZJXegxYE5FN/xw==",
      "dependencies": [
        "@noble/hashes"
      ]
    },
    "@noble/hashes@1.8.0": {
      "integrity": "sha512-jCs9ldd7NwzpgXDIf6P3+NrHh9/sD6CQdxHyjQI+h/6rDNo88ypBxxz45UDuZHz9r3tNz7N/VInSVoVdtXEI4A=="
    },
    "hono@4.12.25": {
      "integrity": "sha512-2NFaIyNVgJmBs/ecmtGzlmluTFs5cHEWGTdu0t1HBwYzoGXOL5nUQBRMXsXWla5i4KkG//QMzVP88m1+I3fdAQ=="
    },
    "iso-datestring-validator@2.2.2": {
      "integrity": "sha512-yLEMkBbLZTlVQqOnQ4FiMujR6T4DEcCb1xizmvXS+OxuhwcbtynoosRzdMA69zZCShCNAbi+gJ71FxZBBXx1SA=="
    },
    "jose@5.10.0": {
      "integrity": "sha512-s+3Al/p9g32Iq+oqXxkW//7jk2Vig6FF1CFqzVXoTUXt2qz89YWbL+OwS17NFYEvxC35n0FKeGO2LGYSxeM2Gg=="
    },
    "multiformats@13.4.2": {
      "integrity": "sha512-eh6eHCrRi1+POZ3dA+Dq1C6jhP1GNtr9CRINMb67OKzqW9I5DUuZM/3jLPlzhgpGeiNUlEGEbkCYChXMCc/8DQ=="
    },
    "tslib@2.8.1": {
      "integrity": "sha512-oJFu94HQb+KVduSUQL7wnpmqnfmLsOA/nAh6b6EH0wCEoK0/mPeXU6c3wKDV83MkOuHPRHtSXKKU99IBazS/2w=="
    },
    "uint8arrays@5.1.1": {
      "integrity": "sha512-9muQwa4wZG4dKi9gMAIBtnk2Pw87SRpvWTH6lOGm19V2Uqxr4uomUf2PGqPnWc+qs06sN8owUU4jfcoWOcfwVQ==",
      "dependencies": [
        "multiformats"
      ]
    },
    "unicode-segmenter@0.14.5": {
      "integrity": "sha512-jHGmj2LUuqDcX3hqY12Ql+uhUTn8huuxNZGq7GvtF6bSybzH3aFgedYu/KTzQStEgt1Ra2F3HxadNXsNjb3m3g=="
    },
    "zod@3.25.76": {
      "integrity": "sha512-gzUt/qt81nXsFGKIFcC3YnfEAx5NkunCfnDlvuBSSFS02bcXu4Lmea0AFIUwbLWxWPx3d9p8S5QoaujKcNQxcQ=="
    }
  },
  "workspace": {
    "dependencies": [
      "jsr:@publicdomainrelay/market@0",
      "jsr:@std/assert@^1.0.19",
      "npm:@atproto/crypto@0.5.0",
      "npm:@atproto/identity@0.5.0",
      "npm:hono@4.12.25",
      "npm:jose@5.10.0"
    ]
  }
}
